
Microsoft Visual Studio Solution File, Format Version 12.00
Project("{FAE04EC0-301F-11D3-BF4B-00C04F79EFBC}") = "ChoiceContender", "ChoiceContender\ChoiceContender.csproj", "{3D40894E-0CFD-443D-8FF5-02141EDD7269}"
EndProject
Project("{FAE04EC0-301F-11D3-BF4B-00C04F79EFBC}") = "DIContainer", "DIContainer\DIContainer.csproj", "{B28FE759-C509-43EE-9792-B6F6C4C928EE}"
EndProject
Project("{FAE04EC0-301F-11D3-BF4B-00C04F79EFBC}") = "ChoiceContender.Tests", "ChoiceContender.Tests\ChoiceContender.Tests.csproj", "{0B08B7FF-863F-41EC-AF83-B1C9F67A35F0}"
EndProject
Project("{FAE04EC0-301F-11D3-BF4B-00C04F79EFBC}") = "ChoiceContender.Db", "ChoiceContender.Db\ChoiceContender.Db.csproj", "{E3CFB3E7-7AFA-4F28-A985-FD37EAE432E0}"
EndProject
Project("{FAE04EC0-301F-11D3-BF4B-00C04F79EFBC}") = "TestsInMemory", "TestsInMemory\TestsInMemory.csproj", "{C59FE5BF-2FA8-4364-95CA-594F30DB3BD3}"
EndProject
Project("{FAE04EC0-301F-11D3-BF4B-00C04F79EFBC}") = "ChoiceContender.Web", "ChoiceContender.Web\ChoiceContender.Web.csproj", "{24A1E017-4F95-4B2B-9E9F-41109E083F2F}"
EndProject
Project("{FAE04EC0-301F-11D3-BF4B-00C04F79EFBC}") = "ChoiceContender.RabbitMQ", "ChoiceContender.RabbitMQ\ChoiceContender.RabbitMQ.csproj", "{213F6C15-35BB-44A5-A6B8-E232FE1E75E5}"
EndProject
Project("{FAE04EC0-301F-11D3-BF4B-00C04F79EFBC}") = "ChoiceContender.WebPrincess", "ChoiceContender.WebPrincess\ChoiceContender.WebPrincess.csproj", "{722CAD8A-C1BF-41BD-B9DF-7CBF17E6D417}"
EndProject
Global
	GlobalSection(SolutionConfigurationPlatforms) = preSolution
		Debug|Any CPU = Debug|Any CPU
		Release|Any CPU = Release|Any CPU
	EndGlobalSection
	GlobalSection(ProjectConfigurationPlatforms) = postSolution
		{3D40894E-0CFD-443D-8FF5-02141EDD7269}.Debug|Any CPU.ActiveCfg = Debug|Any CPU
		{3D40894E-0CFD-443D-8FF5-02141EDD7269}.Debug|Any CPU.Build.0 = Debug|Any CPU
		{3D40894E-0CFD-443D-8FF5-02141EDD7269}.Release|Any CPU.ActiveCfg = Release|Any CPU
		{3D40894E-0CFD-443D-8FF5-02141EDD7269}.Release|Any CPU.Build.0 = Release|Any CPU
		{B28FE759-C509-43EE-9792-B6F6C4C928EE}.Debug|Any CPU.ActiveCfg = Debug|Any CPU
		{B28FE759-C509-43EE-9792-B6F6C4C928EE}.Debug|Any CPU.Build.0 = Debug|Any CPU
		{B28FE759-C509-43EE-9792-B6F6C4C928EE}.Release|Any CPU.ActiveCfg = Release|Any CPU
		{B28FE759-C509-43EE-9792-B6F6C4C928EE}.Release|Any CPU.Build.0 = Release|Any CPU
		{0B08B7FF-863F-41EC-AF83-B1C9F67A35F0}.Debug|Any CPU.ActiveCfg = Debug|Any CPU
		{0B08B7FF-863F-41EC-AF83-B1C9F67A35F0}.Debug|Any CPU.Build.0 = Debug|Any CPU
		{0B08B7FF-863F-41EC-AF83-B1C9F67A35F0}.Release|Any CPU.ActiveCfg = Release|Any CPU
		{0B08B7FF-863F-41EC-AF83-B1C9F67A35F0}.Release|Any CPU.Build.0 = Release|Any CPU
		{E3CFB3E7-7AFA-4F28-A985-FD37EAE432E0}.Debug|Any CPU.ActiveCfg = Debug|Any CPU
		{E3CFB3E7-7AFA-4F28-A985-FD37EAE432E0}.Debug|Any CPU.Build.0 = Debug|Any CPU
		{E3CFB3E7-7AFA-4F28-A985-FD37EAE432E0}.Release|Any CPU.ActiveCfg = Release|Any CPU
		{E3CFB3E7-7AFA-4F28-A985-FD37EAE432E0}.Release|Any CPU.Build.0 = Release|Any CPU
		{C59FE5BF-2FA8-4364-95CA-594F30DB3BD3}.Debug|Any CPU.ActiveCfg = Debug|Any CPU
		{C59FE5BF-2FA8-4364-95CA-594F30DB3BD3}.Debug|Any CPU.Build.0 = Debug|Any CPU
		{C59FE5BF-2FA8-4364-95CA-594F30DB3BD3}.Release|Any CPU.ActiveCfg = Release|Any CPU
		{C59FE5BF-2FA8-4364-95CA-594F30DB3BD3}.Release|Any CPU.Build.0 = Release|Any CPU
		{24A1E017-4F95-4B2B-9E9F-41109E083F2F}.Debug|Any CPU.ActiveCfg = Debug|Any CPU
		{24A1E017-4F95-4B2B-9E9F-41109E083F2F}.Debug|Any CPU.Build.0 = Debug|Any CPU
		{24A1E017-4F95-4B2B-9E9F-41109E083F2F}.Release|Any CPU.ActiveCfg = Release|Any CPU
		{24A1E017-4F95-4B2B-9E9F-41109E083F2F}.Release|Any CPU.Build.0 = Release|Any CPU
		{213F6C15-35BB-44A5-A6B8-E232FE1E75E5}.Debug|Any CPU.ActiveCfg = Debug|Any CPU
		{213F6C15-35BB-44A5-A6B8-E232FE1E75E5}.Debug|Any CPU.Build.0 = Debug|Any CPU
		{213F6C15-35BB-44A5-A6B8-E232FE1E75E5}.Release|Any CPU.ActiveCfg = Release|Any CPU
		{213F6C15-35BB-44A5-A6B8-E232FE1E75E5}.Release|Any CPU.Build.0 = Release|Any CPU
		{722CAD8A-C1BF-41BD-B9DF-7CBF17E6D417}.Debug|Any CPU.ActiveCfg = Debug|Any CPU
		{722CAD8A-C1BF-41BD-B9DF-7CBF17E6D417}.Debug|Any CPU.Build.0 = Debug|Any CPU
		{722CAD8A-C1BF-41BD-B9DF-7CBF17E6D417}.Release|Any CPU.ActiveCfg = Release|Any CPU
		{722CAD8A-C1BF-41BD-B9DF-7CBF17E6D417}.Release|Any CPU.Build.0 = Release|Any CPU
	EndGlobalSection
	GlobalSection(NestedProjects) = preSolution
	EndGlobalSection
EndGlobal
